
Microsoft Visual Studio Solution File, Format Version 12.00
# Visual Studio 15
VisualStudioVersion = 15.0.28307.757
MinimumVisualStudioVersion = 10.0.40219.1
Project("{FAE04EC0-301F-11D3-BF4B-00C04F79EFBC}") = "Guns", "Guns\Guns.csproj", "{7B0B0E3C-A07B-4B7E-96B9-D7030A8D5328}"
EndProject
Global
	GlobalSection(SolutionConfigurationPlatforms) = preSolution
		Debug|Any CPU = Debug|Any CPU
		Release|Any CPU = Release|Any CPU
	EndGlobalSection
	GlobalSection(ProjectConfigurationPlatforms) = postSolution
		{7B0B0E3C-A07B-4B7E-96B9-D7030A8D5328}.Debug|Any CPU.ActiveCfg = Debug|Any CPU
		{7B0B0E3C-A07B-4B7E-96B9-D7030A8D5328}.Debug|Any CPU.Build.0 = Debug|Any CPU
		{7B0B0E3C-A07B-4B7E-96B9-D7030A8D5328}.Release|Any CPU.ActiveCfg = Release|Any CPU
		{7B0B0E3C-A07B-4B7E-96B9-D7030A8D5328}.Release|Any CPU.Build.0 = Release|Any CPU
	EndGlobalSection
	GlobalSection(SolutionProperties) = preSolution
		HideSolutionNode = FALSE
	EndGlobalSection
	GlobalSection(ExtensibilityGlobals) = postSolution
		SolutionGuid = {87BBD6A0-80C0-44B4-B547-8A55BC9C6069}
	EndGlobalSection
EndGlobal
